{
  "name": "xlw-components",
  "requires": true,
  "lockfileVersion": 1,
  "dependencies": {
    "empty": {
      "version": "1.0.1",
      "resolved": "http://172.18.121.70:4873/empty/-/empty-1.0.1.tgz",
      "integrity": "sha512-S0ntniv2gl84wy4xaAM0we7T3dPtYimcd0y/SKTIrSmYokP0qZLYh+A4VhIvSlQgN/1GZpMTFOXfGqv/OS56Zw=="
    },
    "table": {
      "version": "0.0.3",
      "resolved": "http://172.18.121.70:4873/table/-/table-0.0.3.tgz",
      "integrity": "sha1-/D6xgeoneg6/I2+IQQJUEqj1sGY="
    }
  }
}
